// !$*UTF8*$!
{
	archiveVersion = 1;
	classes = {
	};
	objectVersion = 51;
	objects = {

/* Begin PBXBuildFile section */
		843BA2F025515A7100C4EE7A /* TaskServiceType.swift in Sources */ = {isa = PBXBuildFile; fileRef = 843BA2EF25515A7100C4EE7A /* TaskServiceType.swift */; };
		843BA2F42551621A00C4EE7A /* TaskItem.swift in Sources */ = {isa = PBXBuildFile; fileRef = 843BA2F32551621A00C4EE7A /* TaskItem.swift */; };
		843BA2F7255169F900C4EE7A /* TaskService.swift in Sources */ = {isa = PBXBuildFile; fileRef = 843BA2F6255169F900C4EE7A /* TaskService.swift */; };
		844390B025402768002996C9 /* AppDelegate.swift in Sources */ = {isa = PBXBuildFile; fileRef = 844390AF25402768002996C9 /* AppDelegate.swift */; };
		844390B425402768002996C9 /* TasksViewController.swift in Sources */ = {isa = PBXBuildFile; fileRef = 844390B325402768002996C9 /* TasksViewController.swift */; };
		844390B725402768002996C9 /* Main.storyboard in Resources */ = {isa = PBXBuildFile; fileRef = 844390B525402768002996C9 /* Main.storyboard */; };
		844390B92540276C002996C9 /* Assets.xcassets in Resources */ = {isa = PBXBuildFile; fileRef = 844390B82540276C002996C9 /* Assets.xcassets */; };
		844390BC2540276C002996C9 /* LaunchScreen.storyboard in Resources */ = {isa = PBXBuildFile; fileRef = 844390BA2540276C002996C9 /* LaunchScreen.storyboard */; };
		844390C72549A37B002996C9 /* EditViewController.swift in Sources */ = {isa = PBXBuildFile; fileRef = 844390C62549A37B002996C9 /* EditViewController.swift */; };
		844390CB2549A707002996C9 /* TaskItemTableViewCell.swift in Sources */ = {isa = PBXBuildFile; fileRef = 844390CA2549A707002996C9 /* TaskItemTableViewCell.swift */; };
		844390DD2549BC10002996C9 /* Scene.swift in Sources */ = {isa = PBXBuildFile; fileRef = 844390DC2549BC10002996C9 /* Scene.swift */; };
		844390ED2549BCA5002996C9 /* TasksViewModel.swift in Sources */ = {isa = PBXBuildFile; fileRef = 844390EC2549BCA5002996C9 /* TasksViewModel.swift */; };
		844390F02549BCD1002996C9 /* EditTaskViewModel.swift in Sources */ = {isa = PBXBuildFile; fileRef = 844390EF2549BCD1002996C9 /* EditTaskViewModel.swift */; };
		844390F32549C022002996C9 /* SceneCoordinatorType.swift in Sources */ = {isa = PBXBuildFile; fileRef = 844390F22549C022002996C9 /* SceneCoordinatorType.swift */; };
		844390F62549C217002996C9 /* SceneCoordinator.swift in Sources */ = {isa = PBXBuildFile; fileRef = 844390F52549C217002996C9 /* SceneCoordinator.swift */; };
		844390F92549C28B002996C9 /* Scene+ViewController.swift in Sources */ = {isa = PBXBuildFile; fileRef = 844390F82549C28B002996C9 /* Scene+ViewController.swift */; };
		844390FE254ACA34002996C9 /* BindableType.swift in Sources */ = {isa = PBXBuildFile; fileRef = 844390FD254ACA34002996C9 /* BindableType.swift */; };
		84439106254AD41B002996C9 /* SceneTransitiontype.swift in Sources */ = {isa = PBXBuildFile; fileRef = 84439105254AD41B002996C9 /* SceneTransitiontype.swift */; };
		FD142F837F8B03E156F71F03 /* Pods_RxToDo.framework in Frameworks */ = {isa = PBXBuildFile; fileRef = E0D8380468471605A2CE9C9D /* Pods_RxToDo.framework */; };
/* End PBXBuildFile section */

/* Begin PBXFileReference section */
		78435B983043C8C14FAE471C /* Pods-RxToDo.debug.xcconfig */ = {isa = PBXFileReference; includeInIndex = 1; lastKnownFileType = text.xcconfig; name = "Pods-RxToDo.debug.xcconfig"; path = "Target Support Files/Pods-RxToDo/Pods-RxToDo.debug.xcconfig"; sourceTree = "<group>"; };
		843BA2EF25515A7100C4EE7A /* TaskServiceType.swift */ = {isa = PBXFileReference; lastKnownFileType = sourcecode.swift; path = TaskServiceType.swift; sourceTree = "<group>"; };
		843BA2F32551621A00C4EE7A /* TaskItem.swift */ = {isa = PBXFileReference; lastKnownFileType = sourcecode.swift; path = TaskItem.swift; sourceTree = "<group>"; };
		843BA2F6255169F900C4EE7A /* TaskService.swift */ = {isa = PBXFileReference; lastKnownFileType = sourcecode.swift; path = TaskService.swift; sourceTree = "<group>"; };
		844390AC25402768002996C9 /* RxToDo.app */ = {isa = PBXFileReference; explicitFileType = wrapper.application; includeInIndex = 0; path = RxToDo.app; sourceTree = BUILT_PRODUCTS_DIR; };
		844390AF25402768002996C9 /* AppDelegate.swift */ = {isa = PBXFileReference; lastKnownFileType = sourcecode.swift; path = AppDelegate.swift; sourceTree = "<group>"; };
		844390B325402768002996C9 /* TasksViewController.swift */ = {isa = PBXFileReference; lastKnownFileType = sourcecode.swift; path = TasksViewController.swift; sourceTree = "<group>"; };
		844390B625402768002996C9 /* Base */ = {isa = PBXFileReference; lastKnownFileType = file.storyboard; name = Base; path = Base.lproj/Main.storyboard; sourceTree = "<group>"; };
		844390B82540276C002996C9 /* Assets.xcassets */ = {isa = PBXFileReference; lastKnownFileType = folder.assetcatalog; path = Assets.xcassets; sourceTree = "<group>"; };
		844390BB2540276C002996C9 /* Base */ = {isa = PBXFileReference; lastKnownFileType = file.storyboard; name = Base; path = Base.lproj/LaunchScreen.storyboard; sourceTree = "<group>"; };
		844390BD2540276C002996C9 /* Info.plist */ = {isa = PBXFileReference; lastKnownFileType = text.plist.xml; path = Info.plist; sourceTree = "<group>"; };
		844390C62549A37B002996C9 /* EditViewController.swift */ = {isa = PBXFileReference; lastKnownFileType = sourcecode.swift; name = EditViewController.swift; path = RxToDo/Controllers/EditViewController.swift; sourceTree = SOURCE_ROOT; };
		844390CA2549A707002996C9 /* TaskItemTableViewCell.swift */ = {isa = PBXFileReference; lastKnownFileType = sourcecode.swift; name = TaskItemTableViewCell.swift; path = RxToDo/Cell/TaskItemTableViewCell.swift; sourceTree = SOURCE_ROOT; };
		844390DC2549BC10002996C9 /* Scene.swift */ = {isa = PBXFileReference; lastKnownFileType = sourcecode.swift; path = Scene.swift; sourceTree = "<group>"; };
		844390EC2549BCA5002996C9 /* TasksViewModel.swift */ = {isa = PBXFileReference; lastKnownFileType = sourcecode.swift; path = TasksViewModel.swift; sourceTree = "<group>"; };
		844390EF2549BCD1002996C9 /* EditTaskViewModel.swift */ = {isa = PBXFileReference; lastKnownFileType = sourcecode.swift; path = EditTaskViewModel.swift; sourceTree = "<group>"; };
		844390F22549C022002996C9 /* SceneCoordinatorType.swift */ = {isa = PBXFileReference; lastKnownFileType = sourcecode.swift; path = SceneCoordinatorType.swift; sourceTree = "<group>"; };
		844390F52549C217002996C9 /* SceneCoordinator.swift */ = {isa = PBXFileReference; lastKnownFileType = sourcecode.swift; path = SceneCoordinator.swift; sourceTree = "<group>"; };
		844390F82549C28B002996C9 /* Scene+ViewController.swift */ = {isa = PBXFileReference; lastKnownFileType = sourcecode.swift; path = "Scene+ViewController.swift"; sourceTree = "<group>"; };
		844390FD254ACA34002996C9 /* BindableType.swift */ = {isa = PBXFileReference; lastKnownFileType = sourcecode.swift; path = BindableType.swift; sourceTree = "<group>"; };
		84439105254AD41B002996C9 /* SceneTransitiontype.swift */ = {isa = PBXFileReference; lastKnownFileType = sourcecode.swift; path = SceneTransitiontype.swift; sourceTree = "<group>"; };
		AB2229583B1527D6E5ABF72A /* Pods-RxToDo.release.xcconfig */ = {isa = PBXFileReference; includeInIndex = 1; lastKnownFileType = text.xcconfig; name = "Pods-RxToDo.release.xcconfig"; path = "Target Support Files/Pods-RxToDo/Pods-RxToDo.release.xcconfig"; sourceTree = "<group>"; };
		E0D8380468471605A2CE9C9D /* Pods_RxToDo.framework */ = {isa = PBXFileReference; explicitFileType = wrapper.framework; includeInIndex = 0; path = Pods_RxToDo.framework; sourceTree = BUILT_PRODUCTS_DIR; };
/* End PBXFileReference section */

/* Begin PBXFrameworksBuildPhase section */
		844390A925402768002996C9 /* Frameworks */ = {
			isa = PBXFrameworksBuildPhase;
			buildActionMask = 2147483647;
			files = (
				FD142F837F8B03E156F71F03 /* Pods_RxToDo.framework in Frameworks */,
			);
			runOnlyForDeploymentPostprocessing = 0;
		};
/* End PBXFrameworksBuildPhase section */

/* Begin PBXGroup section */
		14C0F2E92D6C04D11543DAEF /* Frameworks */ = {
			isa = PBXGroup;
			children = (
				E0D8380468471605A2CE9C9D /* Pods_RxToDo.framework */,
			);
			name = Frameworks;
			sourceTree = "<group>";
		};
		3C67A3930D0553CAEE5DF9BF /* Pods */ = {
			isa = PBXGroup;
			children = (
				78435B983043C8C14FAE471C /* Pods-RxToDo.debug.xcconfig */,
				AB2229583B1527D6E5ABF72A /* Pods-RxToDo.release.xcconfig */,
			);
			path = Pods;
			sourceTree = "<group>";
		};
		843BA2EE25515A3D00C4EE7A /* Services */ = {
			isa = PBXGroup;
			children = (
				843BA2EF25515A7100C4EE7A /* TaskServiceType.swift */,
				843BA2F6255169F900C4EE7A /* TaskService.swift */,
			);
			path = Services;
			sourceTree = "<group>";
		};
		844390A325402768002996C9 = {
			isa = PBXGroup;
			children = (
				844390AE25402768002996C9 /* RxToDo */,
				844390AD25402768002996C9 /* Products */,
				3C67A3930D0553CAEE5DF9BF /* Pods */,
				14C0F2E92D6C04D11543DAEF /* Frameworks */,
			);
			sourceTree = "<group>";
		};
		844390AD25402768002996C9 /* Products */ = {
			isa = PBXGroup;
			children = (
				844390AC25402768002996C9 /* RxToDo.app */,
			);
			name = Products;
			sourceTree = "<group>";
		};
		844390AE25402768002996C9 /* RxToDo */ = {
			isa = PBXGroup;
			children = (
				844390AF25402768002996C9 /* AppDelegate.swift */,
				844390EA2549BC1F002996C9 /* Scenes */,
				843BA2EE25515A3D00C4EE7A /* Services */,
				844390FC254ACA0A002996C9 /* Model */,
				844390C4254027AF002996C9 /* Controllers */,
				844390CD2549A71C002996C9 /* Cell */,
				844390B525402768002996C9 /* Main.storyboard */,
				844390B82540276C002996C9 /* Assets.xcassets */,
				844390BA2540276C002996C9 /* LaunchScreen.storyboard */,
				844390BD2540276C002996C9 /* Info.plist */,
			);
			path = RxToDo;
			sourceTree = "<group>";
		};
		844390C4254027AF002996C9 /* Controllers */ = {
			isa = PBXGroup;
			children = (
				844390B325402768002996C9 /* TasksViewController.swift */,
				844390EC2549BCA5002996C9 /* TasksViewModel.swift */,
				844390C62549A37B002996C9 /* EditViewController.swift */,
				844390EF2549BCD1002996C9 /* EditTaskViewModel.swift */,
			);
			path = Controllers;
			sourceTree = "<group>";
		};
		844390CD2549A71C002996C9 /* Cell */ = {
			isa = PBXGroup;
			children = (
				844390CA2549A707002996C9 /* TaskItemTableViewCell.swift */,
			);
			path = Cell;
			sourceTree = "<group>";
		};
		844390EA2549BC1F002996C9 /* Scenes */ = {
			isa = PBXGroup;
			children = (
				844390DC2549BC10002996C9 /* Scene.swift */,
				844390F82549C28B002996C9 /* Scene+ViewController.swift */,
				844390F52549C217002996C9 /* SceneCoordinator.swift */,
				84439105254AD41B002996C9 /* SceneTransitiontype.swift */,
				844390F22549C022002996C9 /* SceneCoordinatorType.swift */,
			);
			path = Scenes;
			sourceTree = "<group>";
		};
		844390FC254ACA0A002996C9 /* Model */ = {
			isa = PBXGroup;
			children = (
				844390FD254ACA34002996C9 /* BindableType.swift */,
				843BA2F32551621A00C4EE7A /* TaskItem.swift */,
			);
			path = Model;
			sourceTree = "<group>";
		};
/* End PBXGroup section */

/* Begin PBXNativeTarget section */
		844390AB25402768002996C9 /* RxToDo */ = {
			isa = PBXNativeTarget;
			buildConfigurationList = 844390C02540276C002996C9 /* Build configuration list for PBXNativeTarget "RxToDo" */;
			buildPhases = (
				589BD7E7AC9C3F548834E3D7 /* [CP] Check Pods Manifest.lock */,
				844390A825402768002996C9 /* Sources */,
				844390A925402768002996C9 /* Frameworks */,
				844390AA25402768002996C9 /* Resources */,
				0E01DDD8CEEE9EB20913CB41 /* [CP] Embed Pods Frameworks */,
			);
			buildRules = (
			);
			dependencies = (
			);
			name = RxToDo;
			productName = RxToDo;
			productReference = 844390AC25402768002996C9 /* RxToDo.app */;
			productType = "com.apple.product-type.application";
		};
/* End PBXNativeTarget section */

/* Begin PBXProject section */
		844390A425402768002996C9 /* Project object */ = {
			isa = PBXProject;
			attributes = {
				LastSwiftUpdateCheck = 1200;
				LastUpgradeCheck = 1200;
				TargetAttributes = {
					844390AB25402768002996C9 = {
						CreatedOnToolsVersion = 12.0.1;
					};
				};
			};
			buildConfigurationList = 844390A725402768002996C9 /* Build configuration list for PBXProject "RxToDo" */;
			compatibilityVersion = "Xcode 9.3";
			developmentRegion = en;
			hasScannedForEncodings = 0;
			knownRegions = (
				en,
				Base,
			);
			mainGroup = 844390A325402768002996C9;
			productRefGroup = 844390AD25402768002996C9 /* Products */;
			projectDirPath = "";
			projectRoot = "";
			targets = (
				844390AB25402768002996C9 /* RxToDo */,
			);
		};
/* End PBXProject section */

/* Begin PBXResourcesBuildPhase section */
		844390AA25402768002996C9 /* Resources */ = {
			isa = PBXResourcesBuildPhase;
			buildActionMask = 2147483647;
			files = (
				844390BC2540276C002996C9 /* LaunchScreen.storyboard in Resources */,
				844390B92540276C002996C9 /* Assets.xcassets in Resources */,
				844390B725402768002996C9 /* Main.storyboard in Resources */,
			);
			runOnlyForDeploymentPostprocessing = 0;
		};
/* End PBXResourcesBuildPhase section */

/* Begin PBXShellScriptBuildPhase section */
		0E01DDD8CEEE9EB20913CB41 /* [CP] Embed Pods Frameworks */ = {
			isa = PBXShellScriptBuildPhase;
			buildActionMask = 2147483647;
			files = (
			);
			inputFileListPaths = (
				"${PODS_ROOT}/Target Support Files/Pods-RxToDo/Pods-RxToDo-frameworks-${CONFIGURATION}-input-files.xcfilelist",
			);
			name = "[CP] Embed Pods Frameworks";
			outputFileListPaths = (
				"${PODS_ROOT}/Target Support Files/Pods-RxToDo/Pods-RxToDo-frameworks-${CONFIGURATION}-output-files.xcfilelist",
			);
			runOnlyForDeploymentPostprocessing = 0;
			shellPath = /bin/sh;
			shellScript = "\"${PODS_ROOT}/Target Support Files/Pods-RxToDo/Pods-RxToDo-frameworks.sh\"\n";
			showEnvVarsInLog = 0;
		};
		589BD7E7AC9C3F548834E3D7 /* [CP] Check Pods Manifest.lock */ = {
			isa = PBXShellScriptBuildPhase;
			buildActionMask = 2147483647;
			files = (
			);
			inputFileListPaths = (
			);
			inputPaths = (
				"${PODS_PODFILE_DIR_PATH}/Podfile.lock",
				"${PODS_ROOT}/Manifest.lock",
			);
			name = "[CP] Check Pods Manifest.lock";
			outputFileListPaths = (
			);
			outputPaths = (
				"$(DERIVED_FILE_DIR)/Pods-RxToDo-checkManifestLockResult.txt",
			);
			runOnlyForDeploymentPostprocessing = 0;
			shellPath = /bin/sh;
			shellScript = "diff \"${PODS_PODFILE_DIR_PATH}/Podfile.lock\" \"${PODS_ROOT}/Manifest.lock\" > /dev/null\nif [ $? != 0 ] ; then\n    # print error to STDERR\n    echo \"error: The sandbox is not in sync with the Podfile.lock. Run 'pod install' or update your CocoaPods installation.\" >&2\n    exit 1\nfi\n# This output is used by Xcode 'outputs' to avoid re-running this script phase.\necho \"SUCCESS\" > \"${SCRIPT_OUTPUT_FILE_0}\"\n";
			showEnvVarsInLog = 0;
		};
/* End PBXShellScriptBuildPhase section */

/* Begin PBXSourcesBuildPhase section */
		844390A825402768002996C9 /* Sources */ = {
			isa = PBXSourcesBuildPhase;
			buildActionMask = 2147483647;
			files = (
				843BA2F025515A7100C4EE7A /* TaskServiceType.swift in Sources */,
				844390C72549A37B002996C9 /* EditViewController.swift in Sources */,
				844390F62549C217002996C9 /* SceneCoordinator.swift in Sources */,
				844390B425402768002996C9 /* TasksViewController.swift in Sources */,
				84439106254AD41B002996C9 /* SceneTransitiontype.swift in Sources */,
				843BA2F7255169F900C4EE7A /* TaskService.swift in Sources */,
				844390F32549C022002996C9 /* SceneCoordinatorType.swift in Sources */,
				844390FE254ACA34002996C9 /* BindableType.swift in Sources */,
				844390ED2549BCA5002996C9 /* TasksViewModel.swift in Sources */,
				844390DD2549BC10002996C9 /* Scene.swift in Sources */,
				844390CB2549A707002996C9 /* TaskItemTableViewCell.swift in Sources */,
				844390F92549C28B002996C9 /* Scene+ViewController.swift in Sources */,
				844390B025402768002996C9 /* AppDelegate.swift in Sources */,
				844390F02549BCD1002996C9 /* EditTaskViewModel.swift in Sources */,
				843BA2F42551621A00C4EE7A /* TaskItem.swift in Sources */,
			);
			runOnlyForDeploymentPostprocessing = 0;
		};
/* End PBXSourcesBuildPhase section */

/* Begin PBXVariantGroup section */
		844390B525402768002996C9 /* Main.storyboard */ = {
			isa = PBXVariantGroup;
			children = (
				844390B625402768002996C9 /* Base */,
			);
			name = Main.storyboard;
			sourceTree = "<group>";
		};
		844390BA2540276C002996C9 /* LaunchScreen.storyboard */ = {
			isa = PBXVariantGroup;
			children = (
				844390BB2540276C002996C9 /* Base */,
			);
			name = LaunchScreen.storyboard;
			sourceTree = "<group>";
		};
/* End PBXVariantGroup section */

/* Begin XCBuildConfiguration section */
		844390BE2540276C002996C9 /* Debug */ = {
			isa = XCBuildConfiguration;
			buildSettings = {
				ALWAYS_SEARCH_USER_PATHS = NO;
				CLANG_ANALYZER_NONNULL = YES;
				CLANG_ANALYZER_NUMBER_OBJECT_CONVERSION = YES_AGGRESSIVE;
				CLANG_CXX_LANGUAGE_STANDARD = "gnu++14";
				CLANG_CXX_LIBRARY = "libc++";
				CLANG_ENABLE_MODULES = YES;
				CLANG_ENABLE_OBJC_ARC = YES;
				CLANG_ENABLE_OBJC_WEAK = YES;
				CLANG_WARN_BLOCK_CAPTURE_AUTORELEASING = YES;
				CLANG_WARN_BOOL_CONVERSION = YES;
				CLANG_WARN_COMMA = YES;
				CLANG_WARN_CONSTANT_CONVERSION = YES;
				CLANG_WARN_DEPRECATED_OBJC_IMPLEMENTATIONS = YES;
				CLANG_WARN_DIRECT_OBJC_ISA_USAGE = YES_ERROR;
				CLANG_WARN_DOCUMENTATION_COMMENTS = YES;
				CLANG_WARN_EMPTY_BODY = YES;
				CLANG_WARN_ENUM_CONVERSION = YES;
				CLANG_WARN_INFINITE_RECURSION = YES;
				CLANG_WARN_INT_CONVERSION = YES;
				CLANG_WARN_NON_LITERAL_NULL_CONVERSION = YES;
				CLANG_WARN_OBJC_IMPLICIT_RETAIN_SELF = YES;
				CLANG_WARN_OBJC_LITERAL_CONVERSION = YES;
				CLANG_WARN_OBJC_ROOT_CLASS = YES_ERROR;
				CLANG_WARN_QUOTED_INCLUDE_IN_FRAMEWORK_HEADER = YES;
				CLANG_WARN_RANGE_LOOP_ANALYSIS = YES;
				CLANG_WARN_STRICT_PROTOTYPES = YES;
				CLANG_WARN_SUSPICIOUS_MOVE = YES;
				CLANG_WARN_UNGUARDED_AVAILABILITY = YES_AGGRESSIVE;
				CLANG_WARN_UNREACHABLE_CODE = YES;
				CLANG_WARN__DUPLICATE_METHOD_MATCH = YES;
				COPY_PHASE_STRIP = NO;
				DEBUG_INFORMATION_FORMAT = dwarf;
				ENABLE_STRICT_OBJC_MSGSEND = YES;
				ENABLE_TESTABILITY = YES;
				GCC_C_LANGUAGE_STANDARD = gnu11;
				GCC_DYNAMIC_NO_PIC = NO;
				GCC_NO_COMMON_BLOCKS = YES;
				GCC_OPTIMIZATION_LEVEL = 0;
				GCC_PREPROCESSOR_DEFINITIONS = (
					"DEBUG=1",
					"$(inherited)",
				);
				GCC_WARN_64_TO_32_BIT_CONVERSION = YES;
				GCC_WARN_ABOUT_RETURN_TYPE = YES_ERROR;
				GCC_WARN_UNDECLARED_SELECTOR = YES;
				GCC_WARN_UNINITIALIZED_AUTOS = YES_AGGRESSIVE;
				GCC_WARN_UNUSED_FUNCTION = YES;
				GCC_WARN_UNUSED_VARIABLE = YES;
				IPHONEOS_DEPLOYMENT_TARGET = 14.0;
				MTL_ENABLE_DEBUG_INFO = INCLUDE_SOURCE;
				MTL_FAST_MATH = YES;
				ONLY_ACTIVE_ARCH = YES;
				SDKROOT = iphoneos;
				SWIFT_ACTIVE_COMPILATION_CONDITIONS = DEBUG;
				SWIFT_OPTIMIZATION_LEVEL = "-Onone";
			};
			name = Debug;
		};
		844390BF2540276C002996C9 /* Release */ = {
			isa = XCBuildConfiguration;
			buildSettings = {
				ALWAYS_SEARCH_USER_PATHS = NO;
				CLANG_ANALYZER_NONNULL = YES;
				CLANG_ANALYZER_NUMBER_OBJECT_CONVERSION = YES_AGGRESSIVE;
				CLANG_CXX_LANGUAGE_STANDARD = "gnu++14";
				CLANG_CXX_LIBRARY = "libc++";
				CLANG_ENABLE_MODULES = YES;
				CLANG_ENABLE_OBJC_ARC = YES;
				CLANG_ENABLE_OBJC_WEAK = YES;
				CLANG_WARN_BLOCK_CAPTURE_AUTORELEASING = YES;
				CLANG_WARN_BOOL_CONVERSION = YES;
				CLANG_WARN_COMMA = YES;
				CLANG_WARN_CONSTANT_CONVERSION = YES;
				CLANG_WARN_DEPRECATED_OBJC_IMPLEMENTATIONS = YES;
				CLANG_WARN_DIRECT_OBJC_ISA_USAGE = YES_ERROR;
				CLANG_WARN_DOCUMENTATION_COMMENTS = YES;
				CLANG_WARN_EMPTY_BODY = YES;
				CLANG_WARN_ENUM_CONVERSION = YES;
				CLANG_WARN_INFINITE_RECURSION = YES;
				CLANG_WARN_INT_CONVERSION = YES;
				CLANG_WARN_NON_LITERAL_NULL_CONVERSION = YES;
				CLANG_WARN_OBJC_IMPLICIT_RETAIN_SELF = YES;
				CLANG_WARN_OBJC_LITERAL_CONVERSION = YES;
				CLANG_WARN_OBJC_ROOT_CLASS = YES_ERROR;
				CLANG_WARN_QUOTED_INCLUDE_IN_FRAMEWORK_HEADER = YES;
				CLANG_WARN_RANGE_LOOP_ANALYSIS = YES;
				CLANG_WARN_STRICT_PROTOTYPES = YES;
				CLANG_WARN_SUSPICIOUS_MOVE = YES;
				CLANG_WARN_UNGUARDED_AVAILABILITY = YES_AGGRESSIVE;
				CLANG_WARN_UNREACHABLE_CODE = YES;
				CLANG_WARN__DUPLICATE_METHOD_MATCH = YES;
				COPY_PHASE_STRIP = NO;
				DEBUG_INFORMATION_FORMAT = "dwarf-with-dsym";
				ENABLE_NS_ASSERTIONS = NO;
				ENABLE_STRICT_OBJC_MSGSEND = YES;
				GCC_C_LANGUAGE_STANDARD = gnu11;
				GCC_NO_COMMON_BLOCKS = YES;
				GCC_WARN_64_TO_32_BIT_CONVERSION = YES;
				GCC_WARN_ABOUT_RETURN_TYPE = YES_ERROR;
				GCC_WARN_UNDECLARED_SELECTOR = YES;
				GCC_WARN_UNINITIALIZED_AUTOS = YES_AGGRESSIVE;
				GCC_WARN_UNUSED_FUNCTION = YES;
				GCC_WARN_UNUSED_VARIABLE = YES;
				IPHONEOS_DEPLOYMENT_TARGET = 14.0;
				MTL_ENABLE_DEBUG_INFO = NO;
				MTL_FAST_MATH = YES;
				SDKROOT = iphoneos;
				SWIFT_COMPILATION_MODE = wholemodule;
				SWIFT_OPTIMIZATION_LEVEL = "-O";
				VALIDATE_PRODUCT = YES;
			};
			name = Release;
		};
		844390C12540276C002996C9 /* Debug */ = {
			isa = XCBuildConfiguration;
			baseConfigurationReference = 78435B983043C8C14FAE471C /* Pods-RxToDo.debug.xcconfig */;
			buildSettings = {
				ASSETCATALOG_COMPILER_APPICON_NAME = AppIcon;
				ASSETCATALOG_COMPILER_GLOBAL_ACCENT_COLOR_NAME = AccentColor;
				CODE_SIGN_STYLE = Automatic;
				DEVELOPMENT_TEAM = QSXLP7SN7B;
				INFOPLIST_FILE = RxToDo/Info.plist;
				LD_RUNPATH_SEARCH_PATHS = (
					"$(inherited)",
					"@executable_path/Frameworks",
				);
				PRODUCT_BUNDLE_IDENTIFIER = com.natali.RxToDo;
				PRODUCT_NAME = "$(TARGET_NAME)";
				SWIFT_VERSION = 5.0;
				TARGETED_DEVICE_FAMILY = "1,2";
			};
			name = Debug;
		};
		844390C22540276C002996C9 /* Release */ = {
			isa = XCBuildConfiguration;
			baseConfigurationReference = AB2229583B1527D6E5ABF72A /* Pods-RxToDo.release.xcconfig */;
			buildSettings = {
				ASSETCATALOG_COMPILER_APPICON_NAME = AppIcon;
				ASSETCATALOG_COMPILER_GLOBAL_ACCENT_COLOR_NAME = AccentColor;
				CODE_SIGN_STYLE = Automatic;
				DEVELOPMENT_TEAM = QSXLP7SN7B;
				INFOPLIST_FILE = RxToDo/Info.plist;
				LD_RUNPATH_SEARCH_PATHS = (
					"$(inherited)",
					"@executable_path/Frameworks",
				);
				PRODUCT_BUNDLE_IDENTIFIER = com.natali.RxToDo;
				PRODUCT_NAME = "$(TARGET_NAME)";
				SWIFT_VERSION = 5.0;
				TARGETED_DEVICE_FAMILY = "1,2";
			};
			name = Release;
		};
/* End XCBuildConfiguration section */

/* Begin XCConfigurationList section */
		844390A725402768002996C9 /* Build configuration list for PBXProject "RxToDo" */ = {
			isa = XCConfigurationList;
			buildConfigurations = (
				844390BE2540276C002996C9 /* Debug */,
				844390BF2540276C002996C9 /* Release */,
			);
			defaultConfigurationIsVisible = 0;
			defaultConfigurationName = Release;
		};
		844390C02540276C002996C9 /* Build configuration list for PBXNativeTarget "RxToDo" */ = {
			isa = XCConfigurationList;
			buildConfigurations = (
				844390C12540276C002996C9 /* Debug */,
				844390C22540276C002996C9 /* Release */,
			);
			defaultConfigurationIsVisible = 0;
			defaultConfigurationName = Release;
		};
/* End XCConfigurationList section */
	};
	rootObject = 844390A425402768002996C9 /* Project object */;
}
